
Microsoft Visual Studio Solution File, Format Version 12.00
# Visual Studio 15
VisualStudioVersion = 15.0.27703.2042
MinimumVisualStudioVersion = 10.0.40219.1
Project("{FAE04EC0-301F-11D3-BF4B-00C04F79EFBC}") = "NewsApi.Integration", "NewsApi.Integration\NewsApi.Integration.csproj", "{D93BFAA7-B031-44F6-97AF-0BD51ADE4CD0}"
EndProject
Project("{FAE04EC0-301F-11D3-BF4B-00C04F79EFBC}") = "NewsApi.Test", "NewsApi.Test\NewsApi.Test.csproj", "{D29BEB11-CA22-4091-9CDD-12B7F0FE7CBD}"
EndProject
Project("{FAE04EC0-301F-11D3-BF4B-00C04F79EFBC}") = "NewsFeed", "NewsFeed\NewsFeed.csproj", "{945CB5A0-13CE-4C98-8C46-E011FB9E9CCF}"
EndProject
Global
	GlobalSection(SolutionConfigurationPlatforms) = preSolution
		Debug|Any CPU = Debug|Any CPU
		Release|Any CPU = Release|Any CPU
	EndGlobalSection
	GlobalSection(ProjectConfigurationPlatforms) = postSolution
		{D93BFAA7-B031-44F6-97AF-0BD51ADE4CD0}.Debug|Any CPU.ActiveCfg = Debug|Any CPU
		{D93BFAA7-B031-44F6-97AF-0BD51ADE4CD0}.Debug|Any CPU.Build.0 = Debug|Any CPU
		{D93BFAA7-B031-44F6-97AF-0BD51ADE4CD0}.Release|Any CPU.ActiveCfg = Release|Any CPU
		{D93BFAA7-B031-44F6-97AF-0BD51ADE4CD0}.Release|Any CPU.Build.0 = Release|Any CPU
		{D29BEB11-CA22-4091-9CDD-12B7F0FE7CBD}.Debug|Any CPU.ActiveCfg = Debug|Any CPU
		{D29BEB11-CA22-4091-9CDD-12B7F0FE7CBD}.Debug|Any CPU.Build.0 = Debug|Any CPU
		{D29BEB11-CA22-4091-9CDD-12B7F0FE7CBD}.Release|Any CPU.ActiveCfg = Release|Any CPU
		{D29BEB11-CA22-4091-9CDD-12B7F0FE7CBD}.Release|Any CPU.Build.0 = Release|Any CPU
		{945CB5A0-13CE-4C98-8C46-E011FB9E9CCF}.Debug|Any CPU.ActiveCfg = Debug|Any CPU
		{945CB5A0-13CE-4C98-8C46-E011FB9E9CCF}.Debug|Any CPU.Build.0 = Debug|Any CPU
		{945CB5A0-13CE-4C98-8C46-E011FB9E9CCF}.Release|Any CPU.ActiveCfg = Release|Any CPU
		{945CB5A0-13CE-4C98-8C46-E011FB9E9CCF}.Release|Any CPU.Build.0 = Release|Any CPU
	EndGlobalSection
	GlobalSection(SolutionProperties) = preSolution
		HideSolutionNode = FALSE
	EndGlobalSection
	GlobalSection(ExtensibilityGlobals) = postSolution
		SolutionGuid = {3D8EB03B-56D9-4098-8AC4-FCA7B7CF3C12}
	EndGlobalSection
EndGlobal
